// !$*UTF8*$!
{
	archiveVersion = 1;
	classes = {
	};
	objectVersion = 77;
	objects = {

/* Begin PBXBuildFile section */
		D4C7B69E2DF1F095000421CE /* .gitignore in Resources */ = {isa = PBXBuildFile; fileRef = D4C7B69D2DF1F090000421CE /* .gitignore */; };
		D4C7B6A02DF1F156000421CE /* ChecklistApp.xcconfig in Resources */ = {isa = PBXBuildFile; fileRef = D4C7B69F2DF1F14F000421CE /* ChecklistApp.xcconfig */; };
		D4C7B6A22DF1F17E000421CE /* local.xcconfig in Resources */ = {isa = PBXBuildFile; fileRef = D4C7B6A12DF1F172000421CE /* local.xcconfig */; };
/* End PBXBuildFile section */

/* Begin PBXContainerItemProxy section */
		D1A12FF12DE9FEEE00621F92 /* PBXContainerItemProxy */ = {
			isa = PBXContainerItemProxy;
			containerPortal = D1A12FDB2DE9FEEC00621F92 /* Project object */;
			proxyType = 1;
			remoteGlobalIDString = D1A12FE22DE9FEEC00621F92;
			remoteInfo = ChecklistApp;
		};
		D1A12FFB2DE9FEEE00621F92 /* PBXContainerItemProxy */ = {
			isa = PBXContainerItemProxy;
			containerPortal = D1A12FDB2DE9FEEC00621F92 /* Project object */;
			proxyType = 1;
			remoteGlobalIDString = D1A12FE22DE9FEEC00621F92;
			remoteInfo = ChecklistApp;
		};
/* End PBXContainerItemProxy section */

/* Begin PBXFileReference section */
		D1A12FE32DE9FEED00621F92 /* ChecklistApp.app */ = {isa = PBXFileReference; explicitFileType = wrapper.application; includeInIndex = 0; path = ChecklistApp.app; sourceTree = BUILT_PRODUCTS_DIR; };
		D1A12FF02DE9FEEE00621F92 /* ChecklistAppTests.xctest */ = {isa = PBXFileReference; explicitFileType = wrapper.cfbundle; includeInIndex = 0; path = ChecklistAppTests.xctest; sourceTree = BUILT_PRODUCTS_DIR; };
		D1A12FFA2DE9FEEE00621F92 /* ChecklistAppUITests.xctest */ = {isa = PBXFileReference; explicitFileType = wrapper.cfbundle; includeInIndex = 0; path = ChecklistAppUITests.xctest; sourceTree = BUILT_PRODUCTS_DIR; };
		D45D6C292E12A2A10089CE71 /* readme.md */ = {isa = PBXFileReference; lastKnownFileType = net.daringfireball.markdown; path = readme.md; sourceTree = "<group>"; };
		D4C7B69D2DF1F090000421CE /* .gitignore */ = {isa = PBXFileReference; lastKnownFileType = text; path = .gitignore; sourceTree = "<group>"; };
		D4C7B69F2DF1F14F000421CE /* ChecklistApp.xcconfig */ = {isa = PBXFileReference; lastKnownFileType = text.xcconfig; path = ChecklistApp.xcconfig; sourceTree = "<group>"; };
		D4C7B6A12DF1F172000421CE /* local.xcconfig */ = {isa = PBXFileReference; lastKnownFileType = text.xcconfig; path = local.xcconfig; sourceTree = "<group>"; };
/* End PBXFileReference section */

/* Begin PBXFileSystemSynchronizedRootGroup section */
		D1A12FE52DE9FEED00621F92 /* ChecklistApp */ = {
			isa = PBXFileSystemSynchronizedRootGroup;
			path = ChecklistApp;
			sourceTree = "<group>";
		};
		D1A12FF32DE9FEEE00621F92 /* ChecklistAppTests */ = {
			isa = PBXFileSystemSynchronizedRootGroup;
			path = ChecklistAppTests;
			sourceTree = "<group>";
		};
		D1A12FFD2DE9FEEE00621F92 /* ChecklistAppUITests */ = {
			isa = PBXFileSystemSynchronizedRootGroup;
			path = ChecklistAppUITests;
			sourceTree = "<group>";
		};
/* End PBXFileSystemSynchronizedRootGroup section */

/* Begin PBXFrameworksBuildPhase section */
		D1A12FE02DE9FEEC00621F92 /* Frameworks */ = {
			isa = PBXFrameworksBuildPhase;
			buildActionMask = 2147483647;
			files = (
			);
			runOnlyForDeploymentPostprocessing = 0;
		};
		D1A12FED2DE9FEEE00621F92 /* Frameworks */ = {
			isa = PBXFrameworksBuildPhase;
			buildActionMask = 2147483647;
			files = (
			);
			runOnlyForDeploymentPostprocessing = 0;
		};
		D1A12FF72DE9FEEE00621F92 /* Frameworks */ = {
			isa = PBXFrameworksBuildPhase;
			buildActionMask = 2147483647;
			files = (
			);
			runOnlyForDeploymentPostprocessing = 0;
		};
/* End PBXFrameworksBuildPhase section */

/* Begin PBXGroup section */
		D1A12FDA2DE9FEEC00621F92 = {
			isa = PBXGroup;
			children = (
				D45D6C292E12A2A10089CE71 /* readme.md */,
				D4C7B6A12DF1F172000421CE /* local.xcconfig */,
				D4C7B69F2DF1F14F000421CE /* ChecklistApp.xcconfig */,
				D4C7B69D2DF1F090000421CE /* .gitignore */,
				D1A12FE52DE9FEED00621F92 /* ChecklistApp */,
				D1A12FF32DE9FEEE00621F92 /* ChecklistAppTests */,
				D1A12FFD2DE9FEEE00621F92 /* ChecklistAppUITests */,
				D1A12FE42DE9FEED00621F92 /* Products */,
			);
			sourceTree = "<group>";
		};
		D1A12FE42DE9FEED00621F92 /* Products */ = {
			isa = PBXGroup;
			children = (
				D1A12FE32DE9FEED00621F92 /* ChecklistApp.app */,
				D1A12FF02DE9FEEE00621F92 /* ChecklistAppTests.xctest */,
				D1A12FFA2DE9FEEE00621F92 /* ChecklistAppUITests.xctest */,
			);
			name = Products;
			sourceTree = "<group>";
		};
/* End PBXGroup section */

/* Begin PBXNativeTarget section */
		D1A12FE22DE9FEEC00621F92 /* ChecklistApp */ = {
			isa = PBXNativeTarget;
			buildConfigurationList = D1A130042DE9FEEE00621F92 /* Build configuration list for PBXNativeTarget "ChecklistApp" */;
			buildPhases = (
				D1A12FDF2DE9FEEC00621F92 /* Sources */,
				D1A12FE02DE9FEEC00621F92 /* Frameworks */,
				D1A12FE12DE9FEEC00621F92 /* Resources */,
			);
			buildRules = (
			);
			dependencies = (
			);
			fileSystemSynchronizedGroups = (
				D1A12FE52DE9FEED00621F92 /* ChecklistApp */,
			);
			name = ChecklistApp;
			packageProductDependencies = (
			);
			productName = ChecklistApp;
			productReference = D1A12FE32DE9FEED00621F92 /* ChecklistApp.app */;
			productType = "com.apple.product-type.application";
		};
		D1A12FEF2DE9FEEE00621F92 /* ChecklistAppTests */ = {
			isa = PBXNativeTarget;
			buildConfigurationList = D1A130072DE9FEEE00621F92 /* Build configuration list for PBXNativeTarget "ChecklistAppTests" */;
			buildPhases = (
				D1A12FEC2DE9FEEE00621F92 /* Sources */,
				D1A12FED2DE9FEEE00621F92 /* Frameworks */,
				D1A12FEE2DE9FEEE00621F92 /* Resources */,
			);
			buildRules = (
			);
			dependencies = (
				D1A12FF22DE9FEEE00621F92 /* PBXTargetDependency */,
			);
			fileSystemSynchronizedGroups = (
				D1A12FF32DE9FEEE00621F92 /* ChecklistAppTests */,
			);
			name = ChecklistAppTests;
			packageProductDependencies = (
			);
			productName = ChecklistAppTests;
			productReference = D1A12FF02DE9FEEE00621F92 /* ChecklistAppTests.xctest */;
			productType = "com.apple.product-type.bundle.unit-test";
		};
		D1A12FF92DE9FEEE00621F92 /* ChecklistAppUITests */ = {
			isa = PBXNativeTarget;
			buildConfigurationList = D1A1300A2DE9FEEE00621F92 /* Build configuration list for PBXNativeTarget "ChecklistAppUITests" */;
			buildPhases = (
				D1A12FF62DE9FEEE00621F92 /* Sources */,
				D1A12FF72DE9FEEE00621F92 /* Frameworks */,
				D1A12FF82DE9FEEE00621F92 /* Resources */,
			);
			buildRules = (
			);
			dependencies = (
				D1A12FFC2DE9FEEE00621F92 /* PBXTargetDependency */,
			);
			fileSystemSynchronizedGroups = (
				D1A12FFD2DE9FEEE00621F92 /* ChecklistAppUITests */,
			);
			name = ChecklistAppUITests;
			packageProductDependencies = (
			);
			productName = ChecklistAppUITests;
			productReference = D1A12FFA2DE9FEEE00621F92 /* ChecklistAppUITests.xctest */;
			productType = "com.apple.product-type.bundle.ui-testing";
		};
/* End PBXNativeTarget section */

/* Begin PBXProject section */
		D1A12FDB2DE9FEEC00621F92 /* Project object */ = {
			isa = PBXProject;
			attributes = {
				BuildIndependentTargetsInParallel = 1;
				LastSwiftUpdateCheck = 1640;
				LastUpgradeCheck = 1640;
				TargetAttributes = {
					D1A12FE22DE9FEEC00621F92 = {
						CreatedOnToolsVersion = 16.4;
					};
					D1A12FEF2DE9FEEE00621F92 = {
						CreatedOnToolsVersion = 16.4;
						TestTargetID = D1A12FE22DE9FEEC00621F92;
					};
					D1A12FF92DE9FEEE00621F92 = {
						CreatedOnToolsVersion = 16.4;
						TestTargetID = D1A12FE22DE9FEEC00621F92;
					};
				};
			};
			buildConfigurationList = D1A12FDE2DE9FEEC00621F92 /* Build configuration list for PBXProject "ChecklistApp" */;
			developmentRegion = en;
			hasScannedForEncodings = 0;
			knownRegions = (
				en,
				Base,
			);
			mainGroup = D1A12FDA2DE9FEEC00621F92;
			minimizedProjectReferenceProxies = 1;
			preferredProjectObjectVersion = 77;
			productRefGroup = D1A12FE42DE9FEED00621F92 /* Products */;
			projectDirPath = "";
			projectRoot = "";
			targets = (
				D1A12FE22DE9FEEC00621F92 /* ChecklistApp */,
				D1A12FEF2DE9FEEE00621F92 /* ChecklistAppTests */,
				D1A12FF92DE9FEEE00621F92 /* ChecklistAppUITests */,
			);
		};
/* End PBXProject section */

/* Begin PBXResourcesBuildPhase section */
		D1A12FE12DE9FEEC00621F92 /* Resources */ = {
			isa = PBXResourcesBuildPhase;
			buildActionMask = 2147483647;
			files = (
				D4C7B69E2DF1F095000421CE /* .gitignore in Resources */,
				D4C7B6A02DF1F156000421CE /* ChecklistApp.xcconfig in Resources */,
				D4C7B6A22DF1F17E000421CE /* local.xcconfig in Resources */,
			);
			runOnlyForDeploymentPostprocessing = 0;
		};
		D1A12FEE2DE9FEEE00621F92 /* Resources */ = {
			isa = PBXResourcesBuildPhase;
			buildActionMask = 2147483647;
			files = (
			);
			runOnlyForDeploymentPostprocessing = 0;
		};
		D1A12FF82DE9FEEE00621F92 /* Resources */ = {
			isa = PBXResourcesBuildPhase;
			buildActionMask = 2147483647;
			files = (
			);
			runOnlyForDeploymentPostprocessing = 0;
		};
/* End PBXResourcesBuildPhase section */

/* Begin PBXSourcesBuildPhase section */
		D1A12FDF2DE9FEEC00621F92 /* Sources */ = {
			isa = PBXSourcesBuildPhase;
			buildActionMask = 2147483647;
			files = (
			);
			runOnlyForDeploymentPostprocessing = 0;
		};
		D1A12FEC2DE9FEEE00621F92 /* Sources */ = {
			isa = PBXSourcesBuildPhase;
			buildActionMask = 2147483647;
			files = (
			);
			runOnlyForDeploymentPostprocessing = 0;
		};
		D1A12FF62DE9FEEE00621F92 /* Sources */ = {
			isa = PBXSourcesBuildPhase;
			buildActionMask = 2147483647;
			files = (
			);
			runOnlyForDeploymentPostprocessing = 0;
		};
/* End PBXSourcesBuildPhase section */

/* Begin PBXTargetDependency section */
		D1A12FF22DE9FEEE00621F92 /* PBXTargetDependency */ = {
			isa = PBXTargetDependency;
			target = D1A12FE22DE9FEEC00621F92 /* ChecklistApp */;
			targetProxy = D1A12FF12DE9FEEE00621F92 /* PBXContainerItemProxy */;
		};
		D1A12FFC2DE9FEEE00621F92 /* PBXTargetDependency */ = {
			isa = PBXTargetDependency;
			target = D1A12FE22DE9FEEC00621F92 /* ChecklistApp */;
			targetProxy = D1A12FFB2DE9FEEE00621F92 /* PBXContainerItemProxy */;
		};
/* End PBXTargetDependency section */

/* Begin XCBuildConfiguration section */
		D1A130022DE9FEEE00621F92 /* Debug */ = {
			isa = XCBuildConfiguration;
			baseConfigurationReference = D4C7B6A12DF1F172000421CE /* local.xcconfig */;
			buildSettings = {
				ALWAYS_SEARCH_USER_PATHS = NO;
				ASSETCATALOG_COMPILER_GENERATE_SWIFT_ASSET_SYMBOL_EXTENSIONS = YES;
				CLANG_ANALYZER_NONNULL = YES;
				CLANG_ANALYZER_NUMBER_OBJECT_CONVERSION = YES_AGGRESSIVE;
				CLANG_CXX_LANGUAGE_STANDARD = "gnu++20";
				CLANG_ENABLE_MODULES = YES;
				CLANG_ENABLE_OBJC_ARC = YES;
				CLANG_ENABLE_OBJC_WEAK = YES;
				CLANG_WARN_BLOCK_CAPTURE_AUTORELEASING = YES;
				CLANG_WARN_BOOL_CONVERSION = YES;
				CLANG_WARN_COMMA = YES;
				CLANG_WARN_CONSTANT_CONVERSION = YES;
				CLANG_WARN_DEPRECATED_OBJC_IMPLEMENTATIONS = YES;
				CLANG_WARN_DIRECT_OBJC_ISA_USAGE = YES_ERROR;
				CLANG_WARN_DOCUMENTATION_COMMENTS = YES;
				CLANG_WARN_EMPTY_BODY = YES;
				CLANG_WARN_ENUM_CONVERSION = YES;
				CLANG_WARN_INFINITE_RECURSION = YES;
				CLANG_WARN_INT_CONVERSION = YES;
				CLANG_WARN_NON_LITERAL_NULL_CONVERSION = YES;
				CLANG_WARN_OBJC_IMPLICIT_RETAIN_SELF = YES;
				CLANG_WARN_OBJC_LITERAL_CONVERSION = YES;
				CLANG_WARN_OBJC_ROOT_CLASS = YES_ERROR;
				CLANG_WARN_QUOTED_INCLUDE_IN_FRAMEWORK_HEADER = YES;
				CLANG_WARN_RANGE_LOOP_ANALYSIS = YES;
				CLANG_WARN_STRICT_PROTOTYPES = YES;
				CLANG_WARN_SUSPICIOUS_MOVE = YES;
				CLANG_WARN_UNGUARDED_AVAILABILITY = YES_AGGRESSIVE;
				CLANG_WARN_UNREACHABLE_CODE = YES;
				CLANG_WARN__DUPLICATE_METHOD_MATCH = YES;
				COPY_PHASE_STRIP = NO;
				DEBUG_INFORMATION_FORMAT = dwarf;
				DEVELOPMENT_TEAM = 6GA6PJQ6B5;
				ENABLE_STRICT_OBJC_MSGSEND = YES;
				ENABLE_TESTABILITY = YES;
				ENABLE_USER_SCRIPT_SANDBOXING = YES;
				GCC_C_LANGUAGE_STANDARD = gnu17;
				GCC_DYNAMIC_NO_PIC = NO;
				GCC_NO_COMMON_BLOCKS = YES;
				GCC_OPTIMIZATION_LEVEL = 0;
				GCC_PREPROCESSOR_DEFINITIONS = (
					"DEBUG=1",
					"$(inherited)",
				);
				GCC_WARN_64_TO_32_BIT_CONVERSION = YES;
				GCC_WARN_ABOUT_RETURN_TYPE = YES_ERROR;
				GCC_WARN_UNDECLARED_SELECTOR = YES;
				GCC_WARN_UNINITIALIZED_AUTOS = YES_AGGRESSIVE;
				GCC_WARN_UNUSED_FUNCTION = YES;
				GCC_WARN_UNUSED_VARIABLE = YES;
				IPHONEOS_DEPLOYMENT_TARGET = 18.5;
				LOCALIZATION_PREFERS_STRING_CATALOGS = YES;
				MTL_ENABLE_DEBUG_INFO = INCLUDE_SOURCE;
				MTL_FAST_MATH = YES;
				ONLY_ACTIVE_ARCH = YES;
				SDKROOT = iphoneos;
				SWIFT_ACTIVE_COMPILATION_CONDITIONS = "DEBUG $(inherited)";
				SWIFT_OPTIMIZATION_LEVEL = "-Onone";
			};
			name = Debug;
		};
		D1A130032DE9FEEE00621F92 /* Release */ = {
			isa = XCBuildConfiguration;
			baseConfigurationReference = D4C7B6A12DF1F172000421CE /* local.xcconfig */;
			buildSettings = {
				ALWAYS_SEARCH_USER_PATHS = NO;
				ASSETCATALOG_COMPILER_GENERATE_SWIFT_ASSET_SYMBOL_EXTENSIONS = YES;
				CLANG_ANALYZER_NONNULL = YES;
				CLANG_ANALYZER_NUMBER_OBJECT_CONVERSION = YES_AGGRESSIVE;
				CLANG_CXX_LANGUAGE_STANDARD = "gnu++20";
				CLANG_ENABLE_MODULES = YES;
				CLANG_ENABLE_OBJC_ARC = YES;
				CLANG_ENABLE_OBJC_WEAK = YES;
				CLANG_WARN_BLOCK_CAPTURE_AUTORELEASING = YES;
				CLANG_WARN_BOOL_CONVERSION = YES;
				CLANG_WARN_COMMA = YES;
				CLANG_WARN_CONSTANT_CONVERSION = YES;
				CLANG_WARN_DEPRECATED_OBJC_IMPLEMENTATIONS = YES;
				CLANG_WARN_DIRECT_OBJC_ISA_USAGE = YES_ERROR;
				CLANG_WARN_DOCUMENTATION_COMMENTS = YES;
				CLANG_WARN_EMPTY_BODY = YES;
				CLANG_WARN_ENUM_CONVERSION = YES;
				CLANG_WARN_INFINITE_RECURSION = YES;
				CLANG_WARN_INT_CONVERSION = YES;
				CLANG_WARN_NON_LITERAL_NULL_CONVERSION = YES;
				CLANG_WARN_OBJC_IMPLICIT_RETAIN_SELF = YES;
				CLANG_WARN_OBJC_LITERAL_CONVERSION = YES;
				CLANG_WARN_OBJC_ROOT_CLASS = YES_ERROR;
				CLANG_WARN_QUOTED_INCLUDE_IN_FRAMEWORK_HEADER = YES;
				CLANG_WARN_RANGE_LOOP_ANALYSIS = YES;
				CLANG_WARN_STRICT_PROTOTYPES = YES;
				CLANG_WARN_SUSPICIOUS_MOVE = YES;
				CLANG_WARN_UNGUARDED_AVAILABILITY = YES_AGGRESSIVE;
				CLANG_WARN_UNREACHABLE_CODE = YES;
				CLANG_WARN__DUPLICATE_METHOD_MATCH = YES;
				COPY_PHASE_STRIP = NO;
				DEBUG_INFORMATION_FORMAT = "dwarf-with-dsym";
				DEVELOPMENT_TEAM = 6GA6PJQ6B5;
				ENABLE_NS_ASSERTIONS = NO;
				ENABLE_STRICT_OBJC_MSGSEND = YES;
				ENABLE_USER_SCRIPT_SANDBOXING = YES;
				GCC_C_LANGUAGE_STANDARD = gnu17;
				GCC_NO_COMMON_BLOCKS = YES;
				GCC_WARN_64_TO_32_BIT_CONVERSION = YES;
				GCC_WARN_ABOUT_RETURN_TYPE = YES_ERROR;
				GCC_WARN_UNDECLARED_SELECTOR = YES;
				GCC_WARN_UNINITIALIZED_AUTOS = YES_AGGRESSIVE;
				GCC_WARN_UNUSED_FUNCTION = YES;
				GCC_WARN_UNUSED_VARIABLE = YES;
				IPHONEOS_DEPLOYMENT_TARGET = 18.5;
				LOCALIZATION_PREFERS_STRING_CATALOGS = YES;
				MTL_ENABLE_DEBUG_INFO = NO;
				MTL_FAST_MATH = YES;
				SDKROOT = iphoneos;
				SWIFT_COMPILATION_MODE = wholemodule;
				VALIDATE_PRODUCT = YES;
			};
			name = Release;
		};
		D1A130052DE9FEEE00621F92 /* Debug */ = {
			isa = XCBuildConfiguration;
			buildSettings = {
				ASSETCATALOG_COMPILER_APPICON_NAME = AppIcon;
				ASSETCATALOG_COMPILER_GLOBAL_ACCENT_COLOR_NAME = AccentColor;
				CODE_SIGN_STYLE = Automatic;
				CURRENT_PROJECT_VERSION = 1;
				DEVELOPMENT_TEAM = 6GA6PJQ6B5;
				ENABLE_PREVIEWS = YES;
				GENERATE_INFOPLIST_FILE = YES;
				INFOPLIST_KEY_CFBundleDisplayName = Listo;
				INFOPLIST_KEY_LSApplicationCategoryType = "public.app-category.productivity";
				INFOPLIST_KEY_UIApplicationSceneManifest_Generation = YES;
				INFOPLIST_KEY_UIApplicationSupportsIndirectInputEvents = YES;
				INFOPLIST_KEY_UILaunchScreen_Generation = YES;
				INFOPLIST_KEY_UISupportedInterfaceOrientations_iPad = "UIInterfaceOrientationPortrait UIInterfaceOrientationPortraitUpsideDown UIInterfaceOrientationLandscapeLeft UIInterfaceOrientationLandscapeRight";
				INFOPLIST_KEY_UISupportedInterfaceOrientations_iPhone = "UIInterfaceOrientationPortrait UIInterfaceOrientationLandscapeLeft UIInterfaceOrientationLandscapeRight";
				LD_RUNPATH_SEARCH_PATHS = (
					"$(inherited)",
					"@executable_path/Frameworks",
				);
				MARKETING_VERSION = 1.0;
				PRODUCT_BUNDLE_IDENTIFIER = OPinder.ChecklistApp;
				PRODUCT_NAME = "$(TARGET_NAME)";
				SWIFT_EMIT_LOC_STRINGS = YES;
				SWIFT_VERSION = 5.0;
				TARGETED_DEVICE_FAMILY = "1,2";
			};
			name = Debug;
		};
		D1A130062DE9FEEE00621F92 /* Release */ = {
			isa = XCBuildConfiguration;
			buildSettings = {
				ASSETCATALOG_COMPILER_APPICON_NAME = AppIcon;
				ASSETCATALOG_COMPILER_GLOBAL_ACCENT_COLOR_NAME = AccentColor;
				CODE_SIGN_STYLE = Automatic;
				CURRENT_PROJECT_VERSION = 1;
				DEVELOPMENT_TEAM = 6GA6PJQ6B5;
				ENABLE_PREVIEWS = YES;
				GENERATE_INFOPLIST_FILE = YES;
				INFOPLIST_KEY_CFBundleDisplayName = Listo;
				INFOPLIST_KEY_LSApplicationCategoryType = "public.app-category.productivity";
				INFOPLIST_KEY_UIApplicationSceneManifest_Generation = YES;
				INFOPLIST_KEY_UIApplicationSupportsIndirectInputEvents = YES;
				INFOPLIST_KEY_UILaunchScreen_Generation = YES;
				INFOPLIST_KEY_UISupportedInterfaceOrientations_iPad = "UIInterfaceOrientationPortrait UIInterfaceOrientationPortraitUpsideDown UIInterfaceOrientationLandscapeLeft UIInterfaceOrientationLandscapeRight";
				INFOPLIST_KEY_UISupportedInterfaceOrientations_iPhone = "UIInterfaceOrientationPortrait UIInterfaceOrientationLandscapeLeft UIInterfaceOrientationLandscapeRight";
				LD_RUNPATH_SEARCH_PATHS = (
					"$(inherited)",
					"@executable_path/Frameworks",
				);
				MARKETING_VERSION = 1.0;
				PRODUCT_BUNDLE_IDENTIFIER = OPinder.ChecklistApp;
				PRODUCT_NAME = "$(TARGET_NAME)";
				SWIFT_EMIT_LOC_STRINGS = YES;
				SWIFT_VERSION = 5.0;
				TARGETED_DEVICE_FAMILY = "1,2";
			};
			name = Release;
		};
		D1A130082DE9FEEE00621F92 /* Debug */ = {
			isa = XCBuildConfiguration;
			buildSettings = {
				BUNDLE_LOADER = "$(TEST_HOST)";
				CODE_SIGN_STYLE = Automatic;
				CURRENT_PROJECT_VERSION = 1;
				DEVELOPMENT_TEAM = 6GA6PJQ6B5;
				GENERATE_INFOPLIST_FILE = YES;
				IPHONEOS_DEPLOYMENT_TARGET = 18.5;
				MARKETING_VERSION = 1.0;
				PRODUCT_BUNDLE_IDENTIFIER = OPinder.ChecklistAppTests;
				PRODUCT_NAME = "$(TARGET_NAME)";
				SWIFT_EMIT_LOC_STRINGS = NO;
				SWIFT_VERSION = 5.0;
				TARGETED_DEVICE_FAMILY = "1,2";
				TEST_HOST = "$(BUILT_PRODUCTS_DIR)/ChecklistApp.app/$(BUNDLE_EXECUTABLE_FOLDER_PATH)/ChecklistApp";
			};
			name = Debug;
		};
		D1A130092DE9FEEE00621F92 /* Release */ = {
			isa = XCBuildConfiguration;
			buildSettings = {
				BUNDLE_LOADER = "$(TEST_HOST)";
				CODE_SIGN_STYLE = Automatic;
				CURRENT_PROJECT_VERSION = 1;
				DEVELOPMENT_TEAM = 6GA6PJQ6B5;
				GENERATE_INFOPLIST_FILE = YES;
				IPHONEOS_DEPLOYMENT_TARGET = 18.5;
				MARKETING_VERSION = 1.0;
				PRODUCT_BUNDLE_IDENTIFIER = OPinder.ChecklistAppTests;
				PRODUCT_NAME = "$(TARGET_NAME)";
				SWIFT_EMIT_LOC_STRINGS = NO;
				SWIFT_VERSION = 5.0;
				TARGETED_DEVICE_FAMILY = "1,2";
				TEST_HOST = "$(BUILT_PRODUCTS_DIR)/ChecklistApp.app/$(BUNDLE_EXECUTABLE_FOLDER_PATH)/ChecklistApp";
			};
			name = Release;
		};
		D1A1300B2DE9FEEE00621F92 /* Debug */ = {
			isa = XCBuildConfiguration;
			buildSettings = {
				CODE_SIGN_STYLE = Automatic;
				CURRENT_PROJECT_VERSION = 1;
				DEVELOPMENT_TEAM = 6GA6PJQ6B5;
				GENERATE_INFOPLIST_FILE = YES;
				MARKETING_VERSION = 1.0;
				PRODUCT_BUNDLE_IDENTIFIER = OPinder.ChecklistAppUITests;
				PRODUCT_NAME = "$(TARGET_NAME)";
				SWIFT_EMIT_LOC_STRINGS = NO;
				SWIFT_VERSION = 5.0;
				TARGETED_DEVICE_FAMILY = "1,2";
				TEST_TARGET_NAME = ChecklistApp;
			};
			name = Debug;
		};
		D1A1300C2DE9FEEE00621F92 /* Release */ = {
			isa = XCBuildConfiguration;
			buildSettings = {
				CODE_SIGN_STYLE = Automatic;
				CURRENT_PROJECT_VERSION = 1;
				DEVELOPMENT_TEAM = 6GA6PJQ6B5;
				GENERATE_INFOPLIST_FILE = YES;
				MARKETING_VERSION = 1.0;
				PRODUCT_BUNDLE_IDENTIFIER = OPinder.ChecklistAppUITests;
				PRODUCT_NAME = "$(TARGET_NAME)";
				SWIFT_EMIT_LOC_STRINGS = NO;
				SWIFT_VERSION = 5.0;
				TARGETED_DEVICE_FAMILY = "1,2";
				TEST_TARGET_NAME = ChecklistApp;
			};
			name = Release;
		};
/* End XCBuildConfiguration section */

/* Begin XCConfigurationList section */
		D1A12FDE2DE9FEEC00621F92 /* Build configuration list for PBXProject "ChecklistApp" */ = {
			isa = XCConfigurationList;
			buildConfigurations = (
				D1A130022DE9FEEE00621F92 /* Debug */,
				D1A130032DE9FEEE00621F92 /* Release */,
			);
			defaultConfigurationIsVisible = 0;
			defaultConfigurationName = Release;
		};
		D1A130042DE9FEEE00621F92 /* Build configuration list for PBXNativeTarget "ChecklistApp" */ = {
			isa = XCConfigurationList;
			buildConfigurations = (
				D1A130052DE9FEEE00621F92 /* Debug */,
				D1A130062DE9FEEE00621F92 /* Release */,
			);
			defaultConfigurationIsVisible = 0;
			defaultConfigurationName = Release;
		};
		D1A130072DE9FEEE00621F92 /* Build configuration list for PBXNativeTarget "ChecklistAppTests" */ = {
			isa = XCConfigurationList;
			buildConfigurations = (
				D1A130082DE9FEEE00621F92 /* Debug */,
				D1A130092DE9FEEE00621F92 /* Release */,
			);
			defaultConfigurationIsVisible = 0;
			defaultConfigurationName = Release;
		};
		D1A1300A2DE9FEEE00621F92 /* Build configuration list for PBXNativeTarget "ChecklistAppUITests" */ = {
			isa = XCConfigurationList;
			buildConfigurations = (
				D1A1300B2DE9FEEE00621F92 /* Debug */,
				D1A1300C2DE9FEEE00621F92 /* Release */,
			);
			defaultConfigurationIsVisible = 0;
			defaultConfigurationName = Release;
		};
/* End XCConfigurationList section */
	};
	rootObject = D1A12FDB2DE9FEEC00621F92 /* Project object */;
}
